
Microsoft Visual Studio Solution File, Format Version 12.00
# Visual Studio Version 17
VisualStudioVersion = 17.13.35931.197 d17.13
MinimumVisualStudioVersion = 10.0.40219.1
Project("{FAE04EC0-301F-11D3-BF4B-00C04F79EFBC}") = "WinFormsApp1", "WinFormsApp1\WinFormsApp1.csproj", "{B3ABB376-FA7F-4B68-8A5E-3F87F99D895D}"
EndProject
Global
	GlobalSection(SolutionConfigurationPlatforms) = preSolution
		Debug|Any CPU = Debug|Any CPU
		Release|Any CPU = Release|Any CPU
	EndGlobalSection
	GlobalSection(ProjectConfigurationPlatforms) = postSolution
		{B3ABB376-FA7F-4B68-8A5E-3F87F99D895D}.Debug|Any CPU.ActiveCfg = Debug|Any CPU
		{B3ABB376-FA7F-4B68-8A5E-3F87F99D895D}.Debug|Any CPU.Build.0 = Debug|Any CPU
		{B3ABB376-FA7F-4B68-8A5E-3F87F99D895D}.Release|Any CPU.ActiveCfg = Release|Any CPU
		{B3ABB376-FA7F-4B68-8A5E-3F87F99D895D}.Release|Any CPU.Build.0 = Release|Any CPU
	EndGlobalSection
	GlobalSection(SolutionProperties) = preSolution
		HideSolutionNode = FALSE
	EndGlobalSection
	GlobalSection(ExtensibilityGlobals) = postSolution
		SolutionGuid = {81B83D6D-1D41-44EA-A0BF-C8A11E31033B}
	EndGlobalSection
EndGlobal
